Microsoft Visual Studio Solution File, Format Version 12.00
# Visual Studio Version 17
VisualStudioVersion = 17.14.35906.104
MinimumVisualStudioVersion = 10.0.40219.1
Project("{2150E333-8FDC-42A3-9474-1A3956D46DE8}") = "Hexalith.Builds", "Hexalith.Builds", "{02EA681E-C7D8-13C7-8484-4AC65E1B71E8}"
	ProjectSection(SolutionItems) = preProject
		Hexalith.Builds\.clinerules = Hexalith.Builds\.clinerules
		Hexalith.Builds\.cursorrules = Hexalith.Builds\.cursorrules
		Hexalith.Builds\.gitignore = Hexalith.Builds\.gitignore
		Hexalith.Builds\ai-assistant-instructions.md = Hexalith.Builds\ai-assistant-instructions.md
		Hexalith.Builds\ai-commit-prompt.md = Hexalith.Builds\ai-commit-prompt.md
		.github\copilot-instructions.md = .github\copilot-instructions.md
		Hexalith.Builds\.github\workflows\copy-ai-assistant-instructions.yml = Hexalith.Builds\.github\workflows\copy-ai-assistant-instructions.yml
		Hexalith.Builds\Directory.Packages.props = Hexalith.Builds\Directory.Packages.props
		Hexalith.Builds\Environment.Build.props = Hexalith.Builds\Environment.Build.props
		Hexalith.Builds\Framework.Build.props = Hexalith.Builds\Framework.Build.props
		Hexalith.Builds\Hexalith.Build.props = Hexalith.Builds\Hexalith.Build.props
		Hexalith.Builds\Hexalith.globalconfig = Hexalith.Builds\Hexalith.globalconfig
		Hexalith.Builds\Hexalith.Package.props = Hexalith.Builds\Hexalith.Package.props
		Hexalith.Builds\LICENSE = Hexalith.Builds\LICENSE
		Hexalith.Builds\README.md = Hexalith.Builds\README.md
		Hexalith.Builds\stylecop.json = Hexalith.Builds\stylecop.json
		.github\workflows\update-version.yml = .github\workflows\update-version.yml
	EndProjectSection
EndProject
Project("{2150E333-8FDC-42A3-9474-1A3956D46DE8}") = "_builds", "_builds", "{59DCA09D-B7FB-4C07-8CB9-950D4B67AF1A}"
	ProjectSection(SolutionItems) = preProject
		.editorconfig = .editorconfig
		.gitignore = .gitignore
		.github\workflows\build-release.yml = .github\workflows\build-release.yml
		Directory.Build.props = Directory.Build.props
		Directory.Packages.props = Directory.Packages.props
		LICENSE = LICENSE
		README.md = README.md
	EndProjectSection
EndProject
Project("{FAE04EC0-301F-11D3-BF4B-00C04F79EFBC}") = "Hexalith.Commons", "D:\Hexalith.Commons\src\Hexalith.Commons\Hexalith.Commons.csproj", "{B5E3F37D-428A-396A-3D16-CF55B87F9492}"
EndProject
Project("{FAE04EC0-301F-11D3-BF4B-00C04F79EFBC}") = "Hexalith.Commons.Tests", "D:\Hexalith.Commons\test\Hexalith.Commons.Tests\Hexalith.Commons.Tests.csproj", "{3BEE5A6C-053E-49E7-9F79-C4AF0EDD63AB}"
EndProject
Project("{2150E333-8FDC-42A3-9474-1A3956D46DE8}") = "Tools", "Tools", "{9E1C0D5E-2ACB-4258-8908-AF2292452D20}"
	ProjectSection(SolutionItems) = preProject
		Hexalith.Builds\Tools\builds-submodule-init.ps1 = Hexalith.Builds\Tools\builds-submodule-init.ps1
	EndProjectSection
EndProject
Project("{2150E333-8FDC-42A3-9474-1A3956D46DE8}") = "Github", "Github", "{EC0AC9AA-8F03-49E6-92E5-331EEB5389A0}"
EndProject
Project("{2150E333-8FDC-42A3-9474-1A3956D46DE8}") = "Solution Items", "Solution Items", "{8EC462FD-D22E-90A8-E5CE-7E832BA40C5D}"
	ProjectSection(SolutionItems) = preProject
		.clinerules = .clinerules
	EndProjectSection
EndProject
Project("{2150E333-8FDC-42A3-9474-1A3956D46DE8}") = "initialize-dotnet", "initialize-dotnet", "{852DACBC-23DE-449F-972C-828E4C667296}"
	ProjectSection(SolutionItems) = preProject
		Hexalith.Builds\Github\initialize-dotnet\action.yml = Hexalith.Builds\Github\initialize-dotnet\action.yml
	EndProjectSection
EndProject
Project("{2150E333-8FDC-42A3-9474-1A3956D46DE8}") = "initialize-build", "initialize-build", "{AE5C6DA0-02E1-4CF7-AEC4-32493CD4340A}"
	ProjectSection(SolutionItems) = preProject
		Hexalith.Builds\Github\initialize-build\action.yml = Hexalith.Builds\Github\initialize-build\action.yml
	EndProjectSection
EndProject
Project("{2150E333-8FDC-42A3-9474-1A3956D46DE8}") = "unit-tests", "unit-tests", "{8B3A3ACA-AF96-4030-9564-1D65989ABF97}"
	ProjectSection(SolutionItems) = preProject
		Hexalith.Builds\Github\unit-tests\action.yml = Hexalith.Builds\Github\unit-tests\action.yml
	EndProjectSection
EndProject
Project("{2150E333-8FDC-42A3-9474-1A3956D46DE8}") = "version", "version", "{D175F4E2-154D-4927-94D9-30E14093453E}"
	ProjectSection(SolutionItems) = preProject
		Hexalith.Builds\Github\version\action.yml = Hexalith.Builds\Github\version\action.yml
	EndProjectSection
EndProject
Project("{2150E333-8FDC-42A3-9474-1A3956D46DE8}") = "create-release", "create-release", "{1BD7841A-56E0-4C05-820F-17A321F2E3A9}"
	ProjectSection(SolutionItems) = preProject
		Hexalith.Builds\Github\create-release\action.yml = Hexalith.Builds\Github\create-release\action.yml
	EndProjectSection
EndProject
Project("{2150E333-8FDC-42A3-9474-1A3956D46DE8}") = "package-release", "package-release", "{E4F34C38-8244-46B0-9582-6FAC967B61EF}"
	ProjectSection(SolutionItems) = preProject
		Hexalith.Builds\Github\package-release\action.yml = Hexalith.Builds\Github\package-release\action.yml
		Hexalith.Builds\Github\package-release\README.md = Hexalith.Builds\Github\package-release\README.md
	EndProjectSection
EndProject
Project("{2150E333-8FDC-42A3-9474-1A3956D46DE8}") = "publish-packages", "publish-packages", "{93A55163-2550-4CE6-BDFE-AF553CB55409}"
	ProjectSection(SolutionItems) = preProject
		Hexalith.Builds\Github\publish-packages\action.yml = Hexalith.Builds\Github\publish-packages\action.yml
		Hexalith.Builds\Github\publish-packages\README.md = Hexalith.Builds\Github\publish-packages\README.md
	EndProjectSection
EndProject
Global
	GlobalSection(SolutionConfigurationPlatforms) = preSolution
		Debug|Any CPU = Debug|Any CPU
		Release|Any CPU = Release|Any CPU
	EndGlobalSection
	GlobalSection(ProjectConfigurationPlatforms) = postSolution
		{B5E3F37D-428A-396A-3D16-CF55B87F9492}.Debug|Any CPU.ActiveCfg = Debug|Any CPU
		{B5E3F37D-428A-396A-3D16-CF55B87F9492}.Debug|Any CPU.Build.0 = Debug|Any CPU
		{B5E3F37D-428A-396A-3D16-CF55B87F9492}.Release|Any CPU.ActiveCfg = Release|Any CPU
		{B5E3F37D-428A-396A-3D16-CF55B87F9492}.Release|Any CPU.Build.0 = Release|Any CPU
		{3BEE5A6C-053E-49E7-9F79-C4AF0EDD63AB}.Debug|Any CPU.ActiveCfg = Debug|Any CPU
		{3BEE5A6C-053E-49E7-9F79-C4AF0EDD63AB}.Debug|Any CPU.Build.0 = Debug|Any CPU
		{3BEE5A6C-053E-49E7-9F79-C4AF0EDD63AB}.Release|Any CPU.ActiveCfg = Release|Any CPU
		{3BEE5A6C-053E-49E7-9F79-C4AF0EDD63AB}.Release|Any CPU.Build.0 = Release|Any CPU
	EndGlobalSection
	GlobalSection(SolutionProperties) = preSolution
		HideSolutionNode = FALSE
	EndGlobalSection
	GlobalSection(NestedProjects) = preSolution
		{9E1C0D5E-2ACB-4258-8908-AF2292452D20} = {02EA681E-C7D8-13C7-8484-4AC65E1B71E8}
		{EC0AC9AA-8F03-49E6-92E5-331EEB5389A0} = {02EA681E-C7D8-13C7-8484-4AC65E1B71E8}
		{852DACBC-23DE-449F-972C-828E4C667296} = {EC0AC9AA-8F03-49E6-92E5-331EEB5389A0}
		{AE5C6DA0-02E1-4CF7-AEC4-32493CD4340A} = {EC0AC9AA-8F03-49E6-92E5-331EEB5389A0}
		{8B3A3ACA-AF96-4030-9564-1D65989ABF97} = {EC0AC9AA-8F03-49E6-92E5-331EEB5389A0}
		{D175F4E2-154D-4927-94D9-30E14093453E} = {EC0AC9AA-8F03-49E6-92E5-331EEB5389A0}
		{1BD7841A-56E0-4C05-820F-17A321F2E3A9} = {EC0AC9AA-8F03-49E6-92E5-331EEB5389A0}
		{E4F34C38-8244-46B0-9582-6FAC967B61EF} = {EC0AC9AA-8F03-49E6-92E5-331EEB5389A0}
		{93A55163-2550-4CE6-BDFE-AF553CB55409} = {EC0AC9AA-8F03-49E6-92E5-331EEB5389A0}
	EndGlobalSection
	GlobalSection(ExtensibilityGlobals) = postSolution
		SolutionGuid = {4BC16B71-F1A1-430A-8F59-1C0A20D3E1AD}
	EndGlobalSection
EndGlobal
